<Solution>
  <Project Path="RISL.Domain/RISL.Domain.csproj" />
  <Project Path="RISL.Application/RISL.Application.csproj" />
  <Project Path="RISL.Infrastructure/RISL.Infrastructure.csproj" />
  <Project Path="RISL.Blazor/RISL.Blazor.csproj" />
  <Project Path="RISL.Tests/RISL.Tests.csproj" />
</Solution>
